{"version":4,"terraform_version":"1.11.5","serial":9,"lineage":"c1a5e298-b8de-c5d1-3ea2-1b493121b78a","outputs":{"database_name":{"value":"AI_CORTEX_DEMO","type":"string"},"schemas":{"value":{"cortex_ai":"CORTEX_AI","dashboards":"DASHBOARDS","ml_models":"ML_MODELS","raw_data":"RAW_DATA"},"type":["object",{"cortex_ai":"string","dashboards":"string","ml_models":"string","raw_data":"string"}]},"warehouses":{"value":{"cortex":"CORTEX_WH","ingestion":"INGESTION_WH","ml":"ML_WH"},"type":["object",{"cortex":"string","ingestion":"string","ml":"string"}]}},"resources":[{"mode":"managed","type":"snowflake_database","name":"demo","provider":"provider[\"registry.opentofu.org/snowflake-labs/snowflake\"]","instances":[{"schema_version":1,"attributes":{"catalog":"","comment":"AI and Cortex demo database","data_retention_time_in_days":1,"default_ddl_collation":"","drop_public_schema_on_creation":null,"enable_console_output":false,"external_volume":"","fully_qualified_name":"\"AI_CORTEX_DEMO\"","id":"AI_CORTEX_DEMO","is_transient":false,"log_level":"OFF","max_data_extension_time_in_days":14,"name":"AI_CORTEX_DEMO","quoted_identifiers_ignore_case":false,"replace_invalid_characters":false,"replication":[],"storage_serialization_policy":"OPTIMIZED","suspend_task_after_num_failures":10,"task_auto_retry_attempts":0,"trace_level":"OFF","user_task_managed_initial_warehouse_size":"Medium","user_task_minimum_trigger_interval_in_seconds":30,"user_task_timeout_ms":3600000},"sensitive_attributes":[],"private":"eyJzY2hlbWFfdmVyc2lvbiI6IjEifQ=="}]},{"mode":"managed","type":"snowflake_file_format","name":"csv_format","provider":"provider[\"registry.opentofu.org/snowflake-labs/snowflake\"]","instances":[{"schema_version":0,"attributes":{"allow_duplicate":null,"binary_as_text":null,"binary_format":"HEX","comment":"CSV file format for ingestion","compression":"AUTO","database":"AI_CORTEX_DEMO","date_format":"AUTO","disable_auto_convert":null,"disable_snowflake_data":null,"empty_field_as_null":false,"enable_octal":null,"encoding":"UTF8","error_on_column_count_mismatch":false,"escape":"NONE","escape_unenclosed_field":"\\","field_delimiter":",","field_optionally_enclosed_by":"\"","file_extension":"","format_type":"CSV","fully_qualified_name":"\"AI_CORTEX_DEMO\".\"RAW_DATA\".\"CSV_FORMAT\"","id":"AI_CORTEX_DEMO|RAW_DATA|CSV_FORMAT","ignore_utf8_errors":null,"name":"CSV_FORMAT","null_if":["NULL",""],"parse_header":false,"preserve_space":null,"record_delimiter":"\n","replace_invalid_characters":false,"schema":"RAW_DATA","skip_blank_lines":false,"skip_byte_order_mark":false,"skip_header":1,"strip_null_values":null,"strip_outer_array":null,"strip_outer_element":null,"time_format":"AUTO","timestamp_format":"AUTO","trim_space":false},"sensitive_attributes":[],"private":"bnVsbA==","dependencies":["snowflake_database.demo","snowflake_schema.raw_data"]}]},{"mode":"managed","type":"snowflake_file_format","name":"json_format","provider":"provider[\"registry.opentofu.org/snowflake-labs/snowflake\"]","instances":[{"schema_version":0,"attributes":{"allow_duplicate":false,"binary_as_text":null,"binary_format":"HEX","comment":"JSON file format for API responses","compression":"AUTO","database":"AI_CORTEX_DEMO","date_format":"AUTO","disable_auto_convert":null,"disable_snowflake_data":null,"empty_field_as_null":null,"enable_octal":false,"encoding":null,"error_on_column_count_mismatch":null,"escape":null,"escape_unenclosed_field":null,"field_delimiter":null,"field_optionally_enclosed_by":null,"file_extension":"","format_type":"JSON","fully_qualified_name":"\"AI_CORTEX_DEMO\".\"RAW_DATA\".\"JSON_FORMAT\"","id":"AI_CORTEX_DEMO|RAW_DATA|JSON_FORMAT","ignore_utf8_errors":false,"name":"JSON_FORMAT","null_if":[],"parse_header":null,"preserve_space":null,"record_delimiter":null,"replace_invalid_characters":false,"schema":"RAW_DATA","skip_blank_lines":null,"skip_byte_order_mark":false,"skip_header":null,"strip_null_values":false,"strip_outer_array":false,"strip_outer_element":null,"time_format":"AUTO","timestamp_format":"AUTO","trim_space":false},"sensitive_attributes":[],"private":"bnVsbA==","dependencies":["snowflake_database.demo","snowflake_schema.raw_data"]}]},{"mode":"managed","type":"snowflake_schema","name":"cortex_ai","provider":"provider[\"registry.opentofu.org/snowflake-labs/snowflake\"]","instances":[{"schema_version":2,"attributes":{"catalog":"","comment":"Cortex LLM outputs and classifications","data_retention_time_in_days":1,"database":"AI_CORTEX_DEMO","default_ddl_collation":"","describe_output":[],"enable_console_output":false,"external_volume":"","fully_qualified_name":"\"AI_CORTEX_DEMO\".\"CORTEX_AI\"","id":"\"AI_CORTEX_DEMO\".\"CORTEX_AI\"","is_transient":"default","log_level":"OFF","max_data_extension_time_in_days":14,"name":"CORTEX_AI","parameters":[{"catalog":[{"default":"","description":"Name of the catalog integration to use for iceberg tables","key":"CATALOG","level":"","value":""}],"data_retention_time_in_days":[{"default":"1","description":"number of days to retain the old version of deleted/updated data","key":"DATA_RETENTION_TIME_IN_DAYS","level":"","value":"1"}],"default_ddl_collation":[{"default":"","description":"Collation that is used for all the new columns created by the DDL statements (if not specified)","key":"DEFAULT_DDL_COLLATION","level":"","value":""}],"enable_console_output":[{"default":"false","description":"Enable stdout/stderr fast path logging for anonyous stored procs. This is a public parameter (similar to LOG_LEVEL).","key":"ENABLE_CONSOLE_OUTPUT","level":"","value":"false"}],"external_volume":[{"default":"","description":"Name of an external volume that will be used for persisted Iceberg metadata and data files.","key":"EXTERNAL_VOLUME","level":"","value":""}],"log_level":[{"default":"OFF","description":"LOG_LEVEL to use when filtering events","key":"LOG_LEVEL","level":"","value":"OFF"}],"max_data_extension_time_in_days":[{"default":"14","description":"Maximum number of days to extend data retention beyond the retention period to prevent a stream becoming stale.","key":"MAX_DATA_EXTENSION_TIME_IN_DAYS","level":"","value":"14"}],"pipe_execution_paused":[{"default":"false","description":"Pause processing of files for a pipe","key":"PIPE_EXECUTION_PAUSED","level":"","value":"false"}],"quoted_identifiers_ignore_case":[{"default":"false","description":"If true, the case of quoted identifiers is ignored","key":"QUOTED_IDENTIFIERS_IGNORE_CASE","level":"","value":"false"}],"replace_invalid_characters":[{"default":"false","description":"Replace invalid UTF-8 characters found in Iceberg table external data files with the Unicode replacement character","key":"REPLACE_INVALID_CHARACTERS","level":"","value":"false"}],"storage_serialization_policy":[{"default":"OPTIMIZED","description":"Storage serialization policy used for managed Iceberg table. This include encodings and compressions","key":"STORAGE_SERIALIZATION_POLICY","level":"","value":"OPTIMIZED"}],"suspend_task_after_num_failures":[{"default":"10","description":"How many times a task must fail in a row before it is automatically suspended. 0 disables auto-suspending.","key":"SUSPEND_TASK_AFTER_NUM_FAILURES","level":"","value":"10"}],"task_auto_retry_attempts":[{"default":"0","description":"Maximum Automatic Retries Allowed For A User Task","key":"TASK_AUTO_RETRY_ATTEMPTS","level":"","value":"0"}],"trace_level":[{"default":"OFF","description":"Trace level value to use when generating/filtering trace events","key":"TRACE_LEVEL","level":"","value":"OFF"}],"user_task_managed_initial_warehouse_size":[{"default":"Medium","description":"The initial size of warehouse to use for managed warehouses in the absence of history","key":"USER_TASK_MANAGED_INITIAL_WAREHOUSE_SIZE","level":"","value":"Medium"}],"user_task_minimum_trigger_interval_in_seconds":[{"default":"30","description":"Minimum amount of time between Triggered Task executions in seconds","key":"USER_TASK_MINIMUM_TRIGGER_INTERVAL_IN_SECONDS","level":"","value":"30"}],"user_task_timeout_ms":[{"default":"3600000","description":"User task execution timeout in milliseconds","key":"USER_TASK_TIMEOUT_MS","level":"","value":"3600000"}]}],"pipe_execution_paused":false,"quoted_identifiers_ignore_case":false,"replace_invalid_characters":false,"show_output":[{"comment":"Cortex LLM outputs and classifications","created_on":"2026-04-28 09:17:53.691 -0700 PDT","database_name":"AI_CORTEX_DEMO","dropped_on":"0001-01-01 00:00:00 +0000 UTC","is_current":true,"is_default":false,"name":"CORTEX_AI","options":"","owner":"ACCOUNTADMIN","owner_role_type":"ROLE","retention_time":"1"}],"storage_serialization_policy":"OPTIMIZED","suspend_task_after_num_failures":10,"task_auto_retry_attempts":0,"trace_level":"OFF","user_task_managed_initial_warehouse_size":"Medium","user_task_minimum_trigger_interval_in_seconds":30,"user_task_timeout_ms":3600000,"with_managed_access":"default"},"sensitive_attributes":[],"private":"eyJzY2hlbWFfdmVyc2lvbiI6IjIifQ==","dependencies":["snowflake_database.demo"]}]},{"mode":"managed","type":"snowflake_schema","name":"dashboards","provider":"provider[\"registry.opentofu.org/snowflake-labs/snowflake\"]","instances":[{"schema_version":2,"attributes":{"catalog":"","comment":"Views for Snowsight dashboards","data_retention_time_in_days":1,"database":"AI_CORTEX_DEMO","default_ddl_collation":"","describe_output":[],"enable_console_output":false,"external_volume":"","fully_qualified_name":"\"AI_CORTEX_DEMO\".\"DASHBOARDS\"","id":"\"AI_CORTEX_DEMO\".\"DASHBOARDS\"","is_transient":"default","log_level":"OFF","max_data_extension_time_in_days":14,"name":"DASHBOARDS","parameters":[{"catalog":[{"default":"","description":"Name of the catalog integration to use for iceberg tables","key":"CATALOG","level":"","value":""}],"data_retention_time_in_days":[{"default":"1","description":"number of days to retain the old version of deleted/updated data","key":"DATA_RETENTION_TIME_IN_DAYS","level":"","value":"1"}],"default_ddl_collation":[{"default":"","description":"Collation that is used for all the new columns created by the DDL statements (if not specified)","key":"DEFAULT_DDL_COLLATION","level":"","value":""}],"enable_console_output":[{"default":"false","description":"Enable stdout/stderr fast path logging for anonyous stored procs. This is a public parameter (similar to LOG_LEVEL).","key":"ENABLE_CONSOLE_OUTPUT","level":"","value":"false"}],"external_volume":[{"default":"","description":"Name of an external volume that will be used for persisted Iceberg metadata and data files.","key":"EXTERNAL_VOLUME","level":"","value":""}],"log_level":[{"default":"OFF","description":"LOG_LEVEL to use when filtering events","key":"LOG_LEVEL","level":"","value":"OFF"}],"max_data_extension_time_in_days":[{"default":"14","description":"Maximum number of days to extend data retention beyond the retention period to prevent a stream becoming stale.","key":"MAX_DATA_EXTENSION_TIME_IN_DAYS","level":"","value":"14"}],"pipe_execution_paused":[{"default":"false","description":"Pause processing of files for a pipe","key":"PIPE_EXECUTION_PAUSED","level":"","value":"false"}],"quoted_identifiers_ignore_case":[{"default":"false","description":"If true, the case of quoted identifiers is ignored","key":"QUOTED_IDENTIFIERS_IGNORE_CASE","level":"","value":"false"}],"replace_invalid_characters":[{"default":"false","description":"Replace invalid UTF-8 characters found in Iceberg table external data files with the Unicode replacement character","key":"REPLACE_INVALID_CHARACTERS","level":"","value":"false"}],"storage_serialization_policy":[{"default":"OPTIMIZED","description":"Storage serialization policy used for managed Iceberg table. This include encodings and compressions","key":"STORAGE_SERIALIZATION_POLICY","level":"","value":"OPTIMIZED"}],"suspend_task_after_num_failures":[{"default":"10","description":"How many times a task must fail in a row before it is automatically suspended. 0 disables auto-suspending.","key":"SUSPEND_TASK_AFTER_NUM_FAILURES","level":"","value":"10"}],"task_auto_retry_attempts":[{"default":"0","description":"Maximum Automatic Retries Allowed For A User Task","key":"TASK_AUTO_RETRY_ATTEMPTS","level":"","value":"0"}],"trace_level":[{"default":"OFF","description":"Trace level value to use when generating/filtering trace events","key":"TRACE_LEVEL","level":"","value":"OFF"}],"user_task_managed_initial_warehouse_size":[{"default":"Medium","description":"The initial size of warehouse to use for managed warehouses in the absence of history","key":"USER_TASK_MANAGED_INITIAL_WAREHOUSE_SIZE","level":"","value":"Medium"}],"user_task_minimum_trigger_interval_in_seconds":[{"default":"30","description":"Minimum amount of time between Triggered Task executions in seconds","key":"USER_TASK_MINIMUM_TRIGGER_INTERVAL_IN_SECONDS","level":"","value":"30"}],"user_task_timeout_ms":[{"default":"3600000","description":"User task execution timeout in milliseconds","key":"USER_TASK_TIMEOUT_MS","level":"","value":"3600000"}]}],"pipe_execution_paused":false,"quoted_identifiers_ignore_case":false,"replace_invalid_characters":false,"show_output":[{"comment":"Views for Snowsight dashboards","created_on":"2026-04-28 09:17:53.357 -0700 PDT","database_name":"AI_CORTEX_DEMO","dropped_on":"0001-01-01 00:00:00 +0000 UTC","is_current":false,"is_default":false,"name":"DASHBOARDS","options":"","owner":"ACCOUNTADMIN","owner_role_type":"ROLE","retention_time":"1"}],"storage_serialization_policy":"OPTIMIZED","suspend_task_after_num_failures":10,"task_auto_retry_attempts":0,"trace_level":"OFF","user_task_managed_initial_warehouse_size":"Medium","user_task_minimum_trigger_interval_in_seconds":30,"user_task_timeout_ms":3600000,"with_managed_access":"default"},"sensitive_attributes":[],"private":"eyJzY2hlbWFfdmVyc2lvbiI6IjIifQ==","dependencies":["snowflake_database.demo"]}]},{"mode":"managed","type":"snowflake_schema","name":"ml_models","provider":"provider[\"registry.opentofu.org/snowflake-labs/snowflake\"]","instances":[{"schema_version":2,"attributes":{"catalog":"","comment":"Traditional ML models and predictions","data_retention_time_in_days":1,"database":"AI_CORTEX_DEMO","default_ddl_collation":"","describe_output":[],"enable_console_output":false,"external_volume":"","fully_qualified_name":"\"AI_CORTEX_DEMO\".\"ML_MODELS\"","id":"\"AI_CORTEX_DEMO\".\"ML_MODELS\"","is_transient":"default","log_level":"OFF","max_data_extension_time_in_days":14,"name":"ML_MODELS","parameters":[{"catalog":[{"default":"","description":"Name of the catalog integration to use for iceberg tables","key":"CATALOG","level":"","value":""}],"data_retention_time_in_days":[{"default":"1","description":"number of days to retain the old version of deleted/updated data","key":"DATA_RETENTION_TIME_IN_DAYS","level":"","value":"1"}],"default_ddl_collation":[{"default":"","description":"Collation that is used for all the new columns created by the DDL statements (if not specified)","key":"DEFAULT_DDL_COLLATION","level":"","value":""}],"enable_console_output":[{"default":"false","description":"Enable stdout/stderr fast path logging for anonyous stored procs. This is a public parameter (similar to LOG_LEVEL).","key":"ENABLE_CONSOLE_OUTPUT","level":"","value":"false"}],"external_volume":[{"default":"","description":"Name of an external volume that will be used for persisted Iceberg metadata and data files.","key":"EXTERNAL_VOLUME","level":"","value":""}],"log_level":[{"default":"OFF","description":"LOG_LEVEL to use when filtering events","key":"LOG_LEVEL","level":"","value":"OFF"}],"max_data_extension_time_in_days":[{"default":"14","description":"Maximum number of days to extend data retention beyond the retention period to prevent a stream becoming stale.","key":"MAX_DATA_EXTENSION_TIME_IN_DAYS","level":"","value":"14"}],"pipe_execution_paused":[{"default":"false","description":"Pause processing of files for a pipe","key":"PIPE_EXECUTION_PAUSED","level":"","value":"false"}],"quoted_identifiers_ignore_case":[{"default":"false","description":"If true, the case of quoted identifiers is ignored","key":"QUOTED_IDENTIFIERS_IGNORE_CASE","level":"","value":"false"}],"replace_invalid_characters":[{"default":"false","description":"Replace invalid UTF-8 characters found in Iceberg table external data files with the Unicode replacement character","key":"REPLACE_INVALID_CHARACTERS","level":"","value":"false"}],"storage_serialization_policy":[{"default":"OPTIMIZED","description":"Storage serialization policy used for managed Iceberg table. This include encodings and compressions","key":"STORAGE_SERIALIZATION_POLICY","level":"","value":"OPTIMIZED"}],"suspend_task_after_num_failures":[{"default":"10","description":"How many times a task must fail in a row before it is automatically suspended. 0 disables auto-suspending.","key":"SUSPEND_TASK_AFTER_NUM_FAILURES","level":"","value":"10"}],"task_auto_retry_attempts":[{"default":"0","description":"Maximum Automatic Retries Allowed For A User Task","key":"TASK_AUTO_RETRY_ATTEMPTS","level":"","value":"0"}],"trace_level":[{"default":"OFF","description":"Trace level value to use when generating/filtering trace events","key":"TRACE_LEVEL","level":"","value":"OFF"}],"user_task_managed_initial_warehouse_size":[{"default":"Medium","description":"The initial size of warehouse to use for managed warehouses in the absence of history","key":"USER_TASK_MANAGED_INITIAL_WAREHOUSE_SIZE","level":"","value":"Medium"}],"user_task_minimum_trigger_interval_in_seconds":[{"default":"30","description":"Minimum amount of time between Triggered Task executions in seconds","key":"USER_TASK_MINIMUM_TRIGGER_INTERVAL_IN_SECONDS","level":"","value":"30"}],"user_task_timeout_ms":[{"default":"3600000","description":"User task execution timeout in milliseconds","key":"USER_TASK_TIMEOUT_MS","level":"","value":"3600000"}]}],"pipe_execution_paused":false,"quoted_identifiers_ignore_case":false,"replace_invalid_characters":false,"show_output":[{"comment":"Traditional ML models and predictions","created_on":"2026-04-28 09:17:53.115 -0700 PDT","database_name":"AI_CORTEX_DEMO","dropped_on":"0001-01-01 00:00:00 +0000 UTC","is_current":false,"is_default":false,"name":"ML_MODELS","options":"","owner":"ACCOUNTADMIN","owner_role_type":"ROLE","retention_time":"1"}],"storage_serialization_policy":"OPTIMIZED","suspend_task_after_num_failures":10,"task_auto_retry_attempts":0,"trace_level":"OFF","user_task_managed_initial_warehouse_size":"Medium","user_task_minimum_trigger_interval_in_seconds":30,"user_task_timeout_ms":3600000,"with_managed_access":"default"},"sensitive_attributes":[],"private":"eyJzY2hlbWFfdmVyc2lvbiI6IjIifQ==","dependencies":["snowflake_database.demo"]}]},{"mode":"managed","type":"snowflake_schema","name":"raw_data","provider":"provider[\"registry.opentofu.org/snowflake-labs/snowflake\"]","instances":[{"schema_version":2,"attributes":{"catalog":"","comment":"Raw ingested data from external sources","data_retention_time_in_days":1,"database":"AI_CORTEX_DEMO","default_ddl_collation":"","describe_output":[],"enable_console_output":false,"external_volume":"","fully_qualified_name":"\"AI_CORTEX_DEMO\".\"RAW_DATA\"","id":"\"AI_CORTEX_DEMO\".\"RAW_DATA\"","is_transient":"default","log_level":"OFF","max_data_extension_time_in_days":14,"name":"RAW_DATA","parameters":[{"catalog":[{"default":"","description":"Name of the catalog integration to use for iceberg tables","key":"CATALOG","level":"","value":""}],"data_retention_time_in_days":[{"default":"1","description":"number of days to retain the old version of deleted/updated data","key":"DATA_RETENTION_TIME_IN_DAYS","level":"","value":"1"}],"default_ddl_collation":[{"default":"","description":"Collation that is used for all the new columns created by the DDL statements (if not specified)","key":"DEFAULT_DDL_COLLATION","level":"","value":""}],"enable_console_output":[{"default":"false","description":"Enable stdout/stderr fast path logging for anonyous stored procs. This is a public parameter (similar to LOG_LEVEL).","key":"ENABLE_CONSOLE_OUTPUT","level":"","value":"false"}],"external_volume":[{"default":"","description":"Name of an external volume that will be used for persisted Iceberg metadata and data files.","key":"EXTERNAL_VOLUME","level":"","value":""}],"log_level":[{"default":"OFF","description":"LOG_LEVEL to use when filtering events","key":"LOG_LEVEL","level":"","value":"OFF"}],"max_data_extension_time_in_days":[{"default":"14","description":"Maximum number of days to extend data retention beyond the retention period to prevent a stream becoming stale.","key":"MAX_DATA_EXTENSION_TIME_IN_DAYS","level":"","value":"14"}],"pipe_execution_paused":[{"default":"false","description":"Pause processing of files for a pipe","key":"PIPE_EXECUTION_PAUSED","level":"","value":"false"}],"quoted_identifiers_ignore_case":[{"default":"false","description":"If true, the case of quoted identifiers is ignored","key":"QUOTED_IDENTIFIERS_IGNORE_CASE","level":"","value":"false"}],"replace_invalid_characters":[{"default":"false","description":"Replace invalid UTF-8 characters found in Iceberg table external data files with the Unicode replacement character","key":"REPLACE_INVALID_CHARACTERS","level":"","value":"false"}],"storage_serialization_policy":[{"default":"OPTIMIZED","description":"Storage serialization policy used for managed Iceberg table. This include encodings and compressions","key":"STORAGE_SERIALIZATION_POLICY","level":"","value":"OPTIMIZED"}],"suspend_task_after_num_failures":[{"default":"10","description":"How many times a task must fail in a row before it is automatically suspended. 0 disables auto-suspending.","key":"SUSPEND_TASK_AFTER_NUM_FAILURES","level":"","value":"10"}],"task_auto_retry_attempts":[{"default":"0","description":"Maximum Automatic Retries Allowed For A User Task","key":"TASK_AUTO_RETRY_ATTEMPTS","level":"","value":"0"}],"trace_level":[{"default":"OFF","description":"Trace level value to use when generating/filtering trace events","key":"TRACE_LEVEL","level":"","value":"OFF"}],"user_task_managed_initial_warehouse_size":[{"default":"Medium","description":"The initial size of warehouse to use for managed warehouses in the absence of history","key":"USER_TASK_MANAGED_INITIAL_WAREHOUSE_SIZE","level":"","value":"Medium"}],"user_task_minimum_trigger_interval_in_seconds":[{"default":"30","description":"Minimum amount of time between Triggered Task executions in seconds","key":"USER_TASK_MINIMUM_TRIGGER_INTERVAL_IN_SECONDS","level":"","value":"30"}],"user_task_timeout_ms":[{"default":"3600000","description":"User task execution timeout in milliseconds","key":"USER_TASK_TIMEOUT_MS","level":"","value":"3600000"}]}],"pipe_execution_paused":false,"quoted_identifiers_ignore_case":false,"replace_invalid_characters":false,"show_output":[{"comment":"Raw ingested data from external sources","created_on":"2026-04-28 09:17:53.322 -0700 PDT","database_name":"AI_CORTEX_DEMO","dropped_on":"0001-01-01 00:00:00 +0000 UTC","is_current":false,"is_default":false,"name":"RAW_DATA","options":"","owner":"ACCOUNTADMIN","owner_role_type":"ROLE","retention_time":"1"}],"storage_serialization_policy":"OPTIMIZED","suspend_task_after_num_failures":10,"task_auto_retry_attempts":0,"trace_level":"OFF","user_task_managed_initial_warehouse_size":"Medium","user_task_minimum_trigger_interval_in_seconds":30,"user_task_timeout_ms":3600000,"with_managed_access":"default"},"sensitive_attributes":[],"private":"eyJzY2hlbWFfdmVyc2lvbiI6IjIifQ==","dependencies":["snowflake_database.demo"]}]},{"mode":"managed","type":"snowflake_table","name":"filing_summaries","provider":"provider[\"registry.opentofu.org/snowflake-labs/snowflake\"]","instances":[{"schema_version":0,"attributes":{"change_tracking":false,"cluster_by":null,"column":[{"collate":"","comment":"","default":[],"identity":[{"start_num":1,"step_num":1}],"masking_policy":"","name":"FILING_ID","nullable":false,"schema_evolution_record":"","type":"NUMBER(38,0)"},{"collate":"","comment":"","default":[],"identity":[],"masking_policy":"","name":"CIK","nullable":true,"schema_evolution_record":"","type":"VARCHAR(20)"},{"collate":"","comment":"","default":[],"identity":[],"masking_policy":"","name":"COMPANY_NAME","nullable":true,"schema_evolution_record":"","type":"VARCHAR(200)"},{"collate":"","comment":"","default":[],"identity":[],"masking_policy":"","name":"FORM_TYPE","nullable":true,"schema_evolution_record":"","type":"VARCHAR(20)"},{"collate":"","comment":"","default":[],"identity":[],"masking_policy":"","name":"FILING_DATE","nullable":true,"schema_evolution_record":"","type":"DATE"},{"collate":"","comment":"","default":[],"identity":[],"masking_policy":"","name":"ORIGINAL_TEXT","nullable":true,"schema_evolution_record":"","type":"VARCHAR(16777216)"},{"collate":"","comment":"","default":[],"identity":[],"masking_policy":"","name":"AI_SUMMARY","nullable":true,"schema_evolution_record":"","type":"VARCHAR(16777216)"},{"collate":"","comment":"positive, negative, neutral","default":[],"identity":[],"masking_policy":"","name":"SENTIMENT","nullable":true,"schema_evolution_record":"","type":"VARCHAR(20)"},{"collate":"","comment":"","default":[],"identity":[],"masking_policy":"","name":"SENTIMENT_SCORE","nullable":true,"schema_evolution_record":"","type":"FLOAT"},{"collate":"","comment":"M\u0026A, IPO, Restructuring, etc.","default":[],"identity":[],"masking_policy":"","name":"CLASSIFICATION","nullable":true,"schema_evolution_record":"","type":"VARCHAR(50)"},{"collate":"","comment":"","default":[],"identity":[],"masking_policy":"","name":"PROCESSED_AT","nullable":true,"schema_evolution_record":"","type":"TIMESTAMP_NTZ(9)"}],"comment":"Cortex AI-processed SEC filings","data_retention_time_in_days":-1,"database":"AI_CORTEX_DEMO","fully_qualified_name":"\"AI_CORTEX_DEMO\".\"CORTEX_AI\".\"FILING_SUMMARIES\"","id":"AI_CORTEX_DEMO|CORTEX_AI|FILING_SUMMARIES","name":"FILING_SUMMARIES","owner":"ACCOUNTADMIN","primary_key":[],"schema":"CORTEX_AI","tag":[]},"sensitive_attributes":[],"private":"bnVsbA==","dependencies":["snowflake_database.demo","snowflake_schema.cortex_ai"]}]},{"mode":"managed","type":"snowflake_table","name":"real_estate","provider":"provider[\"registry.opentofu.org/snowflake-labs/snowflake\"]","instances":[{"schema_version":0,"attributes":{"change_tracking":false,"cluster_by":null,"column":[{"collate":"","comment":"","default":[],"identity":[],"masking_policy":"","name":"REGION_NAME","nullable":true,"schema_evolution_record":"","type":"VARCHAR(100)"},{"collate":"","comment":"","default":[],"identity":[],"masking_policy":"","name":"DATE","nullable":true,"schema_evolution_record":"","type":"DATE"},{"collate":"","comment":"Zillow Home Value Index","default":[],"identity":[],"masking_policy":"","name":"ZHVI","nullable":true,"schema_evolution_record":"","type":"FLOAT"},{"collate":"","comment":"","default":[],"identity":[],"masking_policy":"","name":"MEDIAN_SALE_PRICE","nullable":true,"schema_evolution_record":"","type":"FLOAT"},{"collate":"","comment":"","default":[],"identity":[],"masking_policy":"","name":"INVENTORY_COUNT","nullable":true,"schema_evolution_record":"","type":"NUMBER(38,0)"},{"collate":"","comment":"","default":[],"identity":[],"masking_policy":"","name":"INGESTED_AT","nullable":true,"schema_evolution_record":"","type":"TIMESTAMP_NTZ(9)"}],"comment":"Zillow real estate market data","data_retention_time_in_days":-1,"database":"AI_CORTEX_DEMO","fully_qualified_name":"\"AI_CORTEX_DEMO\".\"RAW_DATA\".\"REAL_ESTATE\"","id":"AI_CORTEX_DEMO|RAW_DATA|REAL_ESTATE","name":"REAL_ESTATE","owner":"ACCOUNTADMIN","primary_key":[],"schema":"RAW_DATA","tag":[]},"sensitive_attributes":[],"private":"bnVsbA==","dependencies":["snowflake_database.demo","snowflake_schema.raw_data"]}]},{"mode":"managed","type":"snowflake_table","name":"sec_filings","provider":"provider[\"registry.opentofu.org/snowflake-labs/snowflake\"]","instances":[{"schema_version":0,"attributes":{"change_tracking":false,"cluster_by":null,"column":[{"collate":"","comment":"Central Index Key (company identifier)","default":[],"identity":[],"masking_policy":"","name":"CIK","nullable":true,"schema_evolution_record":"","type":"VARCHAR(20)"},{"collate":"","comment":"","default":[],"identity":[],"masking_policy":"","name":"COMPANY_NAME","nullable":true,"schema_evolution_record":"","type":"VARCHAR(200)"},{"collate":"","comment":"8-K, S-1, etc.","default":[],"identity":[],"masking_policy":"","name":"FORM_TYPE","nullable":true,"schema_evolution_record":"","type":"VARCHAR(20)"},{"collate":"","comment":"","default":[],"identity":[],"masking_policy":"","name":"FILING_DATE","nullable":true,"schema_evolution_record":"","type":"DATE"},{"collate":"","comment":"","default":[],"identity":[],"masking_policy":"","name":"FILING_TEXT","nullable":true,"schema_evolution_record":"","type":"VARCHAR(16777216)"},{"collate":"","comment":"","default":[],"identity":[],"masking_policy":"","name":"URL","nullable":true,"schema_evolution_record":"","type":"VARCHAR(500)"},{"collate":"","comment":"","default":[],"identity":[],"masking_policy":"","name":"INGESTED_AT","nullable":true,"schema_evolution_record":"","type":"TIMESTAMP_NTZ(9)"}],"comment":"SEC EDGAR filings for M\u0026A and IPO events","data_retention_time_in_days":-1,"database":"AI_CORTEX_DEMO","fully_qualified_name":"\"AI_CORTEX_DEMO\".\"RAW_DATA\".\"SEC_FILINGS\"","id":"AI_CORTEX_DEMO|RAW_DATA|SEC_FILINGS","name":"SEC_FILINGS","owner":"ACCOUNTADMIN","primary_key":[],"schema":"RAW_DATA","tag":[]},"sensitive_attributes":[],"private":"bnVsbA==","dependencies":["snowflake_database.demo","snowflake_schema.raw_data"]}]},{"mode":"managed","type":"snowflake_table","name":"stock_predictions","provider":"provider[\"registry.opentofu.org/snowflake-labs/snowflake\"]","instances":[{"schema_version":0,"attributes":{"change_tracking":false,"cluster_by":null,"column":[{"collate":"","comment":"","default":[],"identity":[],"masking_policy":"","name":"SYMBOL","nullable":true,"schema_evolution_record":"","type":"VARCHAR(10)"},{"collate":"","comment":"","default":[],"identity":[],"masking_policy":"","name":"PREDICTION_DATE","nullable":true,"schema_evolution_record":"","type":"DATE"},{"collate":"","comment":"","default":[],"identity":[],"masking_policy":"","name":"PREDICTED_CLOSE","nullable":true,"schema_evolution_record":"","type":"FLOAT"},{"collate":"","comment":"","default":[],"identity":[],"masking_policy":"","name":"CONFIDENCE_INTERVAL_LOW","nullable":true,"schema_evolution_record":"","type":"FLOAT"},{"collate":"","comment":"","default":[],"identity":[],"masking_policy":"","name":"CONFIDENCE_INTERVAL_HIGH","nullable":true,"schema_evolution_record":"","type":"FLOAT"},{"collate":"","comment":"","default":[],"identity":[],"masking_policy":"","name":"MODEL_VERSION","nullable":true,"schema_evolution_record":"","type":"VARCHAR(50)"},{"collate":"","comment":"","default":[],"identity":[],"masking_policy":"","name":"CREATED_AT","nullable":true,"schema_evolution_record":"","type":"TIMESTAMP_NTZ(9)"}],"comment":"ML-generated stock price predictions","data_retention_time_in_days":-1,"database":"AI_CORTEX_DEMO","fully_qualified_name":"\"AI_CORTEX_DEMO\".\"ML_MODELS\".\"STOCK_PREDICTIONS\"","id":"AI_CORTEX_DEMO|ML_MODELS|STOCK_PREDICTIONS","name":"STOCK_PREDICTIONS","owner":"ACCOUNTADMIN","primary_key":[],"schema":"ML_MODELS","tag":[]},"sensitive_attributes":[],"private":"bnVsbA==","dependencies":["snowflake_database.demo","snowflake_schema.ml_models"]}]},{"mode":"managed","type":"snowflake_table","name":"stock_prices","provider":"provider[\"registry.opentofu.org/snowflake-labs/snowflake\"]","instances":[{"schema_version":0,"attributes":{"change_tracking":false,"cluster_by":null,"column":[{"collate":"","comment":"","default":[],"identity":[],"masking_policy":"","name":"SYMBOL","nullable":true,"schema_evolution_record":"","type":"VARCHAR(10)"},{"collate":"","comment":"","default":[],"identity":[],"masking_policy":"","name":"DATE","nullable":true,"schema_evolution_record":"","type":"DATE"},{"collate":"","comment":"","default":[],"identity":[],"masking_policy":"","name":"OPEN","nullable":true,"schema_evolution_record":"","type":"FLOAT"},{"collate":"","comment":"","default":[],"identity":[],"masking_policy":"","name":"HIGH","nullable":true,"schema_evolution_record":"","type":"FLOAT"},{"collate":"","comment":"","default":[],"identity":[],"masking_policy":"","name":"LOW","nullable":true,"schema_evolution_record":"","type":"FLOAT"},{"collate":"","comment":"","default":[],"identity":[],"masking_policy":"","name":"CLOSE","nullable":true,"schema_evolution_record":"","type":"FLOAT"},{"collate":"","comment":"","default":[],"identity":[],"masking_policy":"","name":"VOLUME","nullable":true,"schema_evolution_record":"","type":"NUMBER(15,0)"},{"collate":"","comment":"","default":[],"identity":[],"masking_policy":"","name":"INGESTED_AT","nullable":true,"schema_evolution_record":"","type":"TIMESTAMP_NTZ(9)"}],"comment":"Stock price time series from Alpha Vantage","data_retention_time_in_days":-1,"database":"AI_CORTEX_DEMO","fully_qualified_name":"\"AI_CORTEX_DEMO\".\"RAW_DATA\".\"STOCK_PRICES\"","id":"AI_CORTEX_DEMO|RAW_DATA|STOCK_PRICES","name":"STOCK_PRICES","owner":"ACCOUNTADMIN","primary_key":[],"schema":"RAW_DATA","tag":[]},"sensitive_attributes":[],"private":"bnVsbA==","dependencies":["snowflake_database.demo","snowflake_schema.raw_data"]}]},{"mode":"managed","type":"snowflake_warehouse","name":"cortex_wh","provider":"provider[\"registry.opentofu.org/snowflake-labs/snowflake\"]","instances":[{"schema_version":1,"attributes":{"auto_resume":"true","auto_suspend":180,"comment":"Warehouse for Cortex AI functions","enable_query_acceleration":"default","fully_qualified_name":"\"CORTEX_WH\"","id":"CORTEX_WH","initially_suspended":null,"max_cluster_count":null,"max_concurrency_level":8,"min_cluster_count":null,"name":"CORTEX_WH","parameters":[{"max_concurrency_level":[{"default":"8","description":"Maximum number of SQL statements a warehouse cluster can execute concurrently before queuing them. Small SQL statements count as a fraction of 1.","key":"MAX_CONCURRENCY_LEVEL","level":"","value":"8"}],"statement_queued_timeout_in_seconds":[{"default":"0","description":"Timeout in seconds for queued statements: statements will automatically be canceled if they are queued on a warehouse for longer than this amount of time; disabled if set to zero.","key":"STATEMENT_QUEUED_TIMEOUT_IN_SECONDS","level":"","value":"0"}],"statement_timeout_in_seconds":[{"default":"172800","description":"Timeout in seconds for statements: statements are automatically canceled if they run for longer; if set to zero, max value (604800) is enforced.","key":"STATEMENT_TIMEOUT_IN_SECONDS","level":"","value":"172800"}]}],"query_acceleration_max_scale_factor":-1,"resource_monitor":null,"scaling_policy":null,"show_output":[{"auto_resume":true,"auto_suspend":180,"available":0,"comment":"Warehouse for Cortex AI functions","created_on":"2026-04-28 09:17:52.849 -0700 PDT","enable_query_acceleration":false,"is_current":true,"is_default":false,"max_cluster_count":0,"min_cluster_count":0,"name":"CORTEX_WH","other":0,"owner":"ACCOUNTADMIN","owner_role_type":"ROLE","provisioning":0,"query_acceleration_max_scale_factor":0,"queued":0,"quiescing":0,"resource_monitor":"","resumed_on":"2026-04-28 09:17:53.039 -0700 PDT","running":0,"scaling_policy":"","size":"SMALL","started_clusters":0,"state":"STARTED","type":"STANDARD","updated_on":"2026-04-28 09:17:53.039 -0700 PDT"}],"statement_queued_timeout_in_seconds":0,"statement_timeout_in_seconds":172800,"warehouse_size":"SMALL","warehouse_type":null},"sensitive_attributes":[],"private":"eyJzY2hlbWFfdmVyc2lvbiI6IjEifQ=="}]},{"mode":"managed","type":"snowflake_warehouse","name":"ingestion_wh","provider":"provider[\"registry.opentofu.org/snowflake-labs/snowflake\"]","instances":[{"schema_version":1,"attributes":{"auto_resume":"true","auto_suspend":60,"comment":"Warehouse for data ingestion tasks","enable_query_acceleration":"default","fully_qualified_name":"\"INGESTION_WH\"","id":"INGESTION_WH","initially_suspended":null,"max_cluster_count":null,"max_concurrency_level":8,"min_cluster_count":null,"name":"INGESTION_WH","parameters":[{"max_concurrency_level":[{"default":"8","description":"Maximum number of SQL statements a warehouse cluster can execute concurrently before queuing them. Small SQL statements count as a fraction of 1.","key":"MAX_CONCURRENCY_LEVEL","level":"","value":"8"}],"statement_queued_timeout_in_seconds":[{"default":"0","description":"Timeout in seconds for queued statements: statements will automatically be canceled if they are queued on a warehouse for longer than this amount of time; disabled if set to zero.","key":"STATEMENT_QUEUED_TIMEOUT_IN_SECONDS","level":"","value":"0"}],"statement_timeout_in_seconds":[{"default":"172800","description":"Timeout in seconds for statements: statements are automatically canceled if they run for longer; if set to zero, max value (604800) is enforced.","key":"STATEMENT_TIMEOUT_IN_SECONDS","level":"","value":"172800"}]}],"query_acceleration_max_scale_factor":-1,"resource_monitor":null,"scaling_policy":null,"show_output":[{"auto_resume":true,"auto_suspend":60,"available":0,"comment":"Warehouse for data ingestion tasks","created_on":"2026-04-28 09:17:52.441 -0700 PDT","enable_query_acceleration":false,"is_current":true,"is_default":false,"max_cluster_count":0,"min_cluster_count":0,"name":"INGESTION_WH","other":0,"owner":"ACCOUNTADMIN","owner_role_type":"ROLE","provisioning":0,"query_acceleration_max_scale_factor":0,"queued":0,"quiescing":0,"resource_monitor":"","resumed_on":"2026-04-28 09:17:52.441 -0700 PDT","running":0,"scaling_policy":"","size":"XSMALL","started_clusters":0,"state":"RESUMING","type":"STANDARD","updated_on":"2026-04-28 09:17:52.476 -0700 PDT"}],"statement_queued_timeout_in_seconds":0,"statement_timeout_in_seconds":172800,"warehouse_size":"XSMALL","warehouse_type":null},"sensitive_attributes":[],"private":"eyJzY2hlbWFfdmVyc2lvbiI6IjEifQ=="}]},{"mode":"managed","type":"snowflake_warehouse","name":"ml_wh","provider":"provider[\"registry.opentofu.org/snowflake-labs/snowflake\"]","instances":[{"schema_version":1,"attributes":{"auto_resume":"true","auto_suspend":300,"comment":"Warehouse for ML training and inference","enable_query_acceleration":"default","fully_qualified_name":"\"ML_WH\"","id":"ML_WH","initially_suspended":null,"max_cluster_count":null,"max_concurrency_level":8,"min_cluster_count":null,"name":"ML_WH","parameters":[{"max_concurrency_level":[{"default":"8","description":"Maximum number of SQL statements a warehouse cluster can execute concurrently before queuing them. Small SQL statements count as a fraction of 1.","key":"MAX_CONCURRENCY_LEVEL","level":"","value":"8"}],"statement_queued_timeout_in_seconds":[{"default":"0","description":"Timeout in seconds for queued statements: statements will automatically be canceled if they are queued on a warehouse for longer than this amount of time; disabled if set to zero.","key":"STATEMENT_QUEUED_TIMEOUT_IN_SECONDS","level":"","value":"0"}],"statement_timeout_in_seconds":[{"default":"172800","description":"Timeout in seconds for statements: statements are automatically canceled if they run for longer; if set to zero, max value (604800) is enforced.","key":"STATEMENT_TIMEOUT_IN_SECONDS","level":"","value":"172800"}]}],"query_acceleration_max_scale_factor":-1,"resource_monitor":null,"scaling_policy":null,"show_output":[{"auto_resume":true,"auto_suspend":300,"available":0,"comment":"Warehouse for ML training and inference","created_on":"2026-04-28 09:17:52.346 -0700 PDT","enable_query_acceleration":false,"is_current":true,"is_default":false,"max_cluster_count":0,"min_cluster_count":0,"name":"ML_WH","other":0,"owner":"ACCOUNTADMIN","owner_role_type":"ROLE","provisioning":0,"query_acceleration_max_scale_factor":0,"queued":0,"quiescing":0,"resource_monitor":"","resumed_on":"2026-04-28 09:17:52.523 -0700 PDT","running":0,"scaling_policy":"","size":"MEDIUM","started_clusters":0,"state":"STARTED","type":"STANDARD","updated_on":"2026-04-28 09:17:52.524 -0700 PDT"}],"statement_queued_timeout_in_seconds":0,"statement_timeout_in_seconds":172800,"warehouse_size":"MEDIUM","warehouse_type":null},"sensitive_attributes":[],"private":"eyJzY2hlbWFfdmVyc2lvbiI6IjEifQ=="}]}],"check_results":null}
